
Microsoft Visual Studio Solution File, Format Version 12.00
# Visual Studio Version 17
VisualStudioVersion = 17.9.34616.47
MinimumVisualStudioVersion = 10.0.40219.1
Project("{FAE04EC0-301F-11D3-BF4B-00C04F79EFBC}") = "03_11_2024", "03_11_2024.csproj", "{6FF710F5-EA9E-486B-98F9-A1A702E511B7}"
EndProject
Global
	GlobalSection(SolutionConfigurationPlatforms) = preSolution
		Debug|Any CPU = Debug|Any CPU
		Release|Any CPU = Release|Any CPU
	EndGlobalSection
	GlobalSection(ProjectConfigurationPlatforms) = postSolution
		{6FF710F5-EA9E-486B-98F9-A1A702E511B7}.Debug|Any CPU.ActiveCfg = Debug|Any CPU
		{6FF710F5-EA9E-486B-98F9-A1A702E511B7}.Debug|Any CPU.Build.0 = Debug|Any CPU
		{6FF710F5-EA9E-486B-98F9-A1A702E511B7}.Release|Any CPU.ActiveCfg = Release|Any CPU
		{6FF710F5-EA9E-486B-98F9-A1A702E511B7}.Release|Any CPU.Build.0 = Release|Any CPU
	EndGlobalSection
	GlobalSection(SolutionProperties) = preSolution
		HideSolutionNode = FALSE
	EndGlobalSection
	GlobalSection(ExtensibilityGlobals) = postSolution
		SolutionGuid = {F495FB75-EF6D-4302-874B-AD8FF081B580}
	EndGlobalSection
EndGlobal
